
Microsoft Visual Studio Solution File, Format Version 12.00
# Visual Studio Version 17
VisualStudioVersion = 17.10.35013.160
MinimumVisualStudioVersion = 10.0.40219.1
Project("{9A19103F-16F7-4668-BE54-9A1E7A4F7556}") = "RICADO.Omron", "RICADO.Omron\RICADO.Omron.csproj", "{674B309E-2B8D-4539-9670-009F49C634CE}"
EndProject
Project("{FAE04EC0-301F-11D3-BF4B-00C04F79EFBC}") = "ConsoleApp1", "ConsoleApp1\ConsoleApp1.csproj", "{0CA279AF-30B2-49D4-B389-437E19F5D5A4}"
EndProject
Project("{9A19103F-16F7-4668-BE54-9A1E7A4F7556}") = "ClassLibrary1", "ClassLibrary1\ClassLibrary1.csproj", "{FE47AE47-5B10-499F-88E5-5073E5687251}"
EndProject
Global
	GlobalSection(SolutionConfigurationPlatforms) = preSolution
		Debug|Any CPU = Debug|Any CPU
		Release|Any CPU = Release|Any CPU
		ReleasePruebas|Any CPU = ReleasePruebas|Any CPU
	EndGlobalSection
	GlobalSection(ProjectConfigurationPlatforms) = postSolution
		{674B309E-2B8D-4539-9670-009F49C634CE}.Debug|Any CPU.ActiveCfg = Debug|Any CPU
		{674B309E-2B8D-4539-9670-009F49C634CE}.Debug|Any CPU.Build.0 = Debug|Any CPU
		{674B309E-2B8D-4539-9670-009F49C634CE}.Release|Any CPU.ActiveCfg = Release|Any CPU
		{674B309E-2B8D-4539-9670-009F49C634CE}.Release|Any CPU.Build.0 = Release|Any CPU
		{674B309E-2B8D-4539-9670-009F49C634CE}.ReleasePruebas|Any CPU.ActiveCfg = Release|Any CPU
		{674B309E-2B8D-4539-9670-009F49C634CE}.ReleasePruebas|Any CPU.Build.0 = Release|Any CPU
		{0CA279AF-30B2-49D4-B389-437E19F5D5A4}.Debug|Any CPU.ActiveCfg = Debug|Any CPU
		{0CA279AF-30B2-49D4-B389-437E19F5D5A4}.Debug|Any CPU.Build.0 = Debug|Any CPU
		{0CA279AF-30B2-49D4-B389-437E19F5D5A4}.Release|Any CPU.ActiveCfg = Release|Any CPU
		{0CA279AF-30B2-49D4-B389-437E19F5D5A4}.Release|Any CPU.Build.0 = Release|Any CPU
		{0CA279AF-30B2-49D4-B389-437E19F5D5A4}.ReleasePruebas|Any CPU.ActiveCfg = Release|Any CPU
		{0CA279AF-30B2-49D4-B389-437E19F5D5A4}.ReleasePruebas|Any CPU.Build.0 = Release|Any CPU
		{FE47AE47-5B10-499F-88E5-5073E5687251}.Debug|Any CPU.ActiveCfg = Debug|Any CPU
		{FE47AE47-5B10-499F-88E5-5073E5687251}.Debug|Any CPU.Build.0 = Debug|Any CPU
		{FE47AE47-5B10-499F-88E5-5073E5687251}.Release|Any CPU.ActiveCfg = Release|Any CPU
		{FE47AE47-5B10-499F-88E5-5073E5687251}.Release|Any CPU.Build.0 = Release|Any CPU
		{FE47AE47-5B10-499F-88E5-5073E5687251}.ReleasePruebas|Any CPU.ActiveCfg = ReleasePruebas|Any CPU
		{FE47AE47-5B10-499F-88E5-5073E5687251}.ReleasePruebas|Any CPU.Build.0 = ReleasePruebas|Any CPU
	EndGlobalSection
	GlobalSection(SolutionProperties) = preSolution
		HideSolutionNode = FALSE
	EndGlobalSection
	GlobalSection(ExtensibilityGlobals) = postSolution
		SolutionGuid = {2EE1C1C7-00CC-40BB-8494-36981720DA73}
	EndGlobalSection
EndGlobal
